github.com/libdns/libdns v0.2.3 h1:ba30K4ObwMGB/QTmqUxf3H4/GmUrCAIkMWejeGl12v8=
github.com/libdns/libdns v0.2.3/go.mod h1:4Bj9+5CQiNMVGf87wjX4CY3HQJypUHRuLvlsfsZqLWQ=
golang.org/x/crypto v0.37.0 h1:kJNSjF/Xp7kU0iB2Z+9viTPMW4EqqsrywMXLJOOsXSE=
golang.org/x/crypto v0.37.0/go.mod h1:vg+k43peMZ0pUMhYmVAWysMK35e6ioLh3wB8ZCAfbVc=
